
Microsoft Visual Studio Solution File, Format Version 12.00
# Visual Studio Version 17
VisualStudioVersion = 17.2.32616.157
MinimumVisualStudioVersion = 10.0.40219.1
Project("{FAE04EC0-301F-11D3-BF4B-00C04F79EFBC}") = "ReceiveCookies.Core", "ReceiveCookies.Core\ReceiveCookies.Core.csproj", "{6D994F87-0B92-4173-B1AC-2331B6B73703}"
EndProject
Project("{FAE04EC0-301F-11D3-BF4B-00C04F79EFBC}") = "ReceiveCookies.Api", "ReceiveCookies.Api\ReceiveCookies.Api.csproj", "{D3B0C897-7341-4272-945A-374D992C0504}"
EndProject
Global
	GlobalSection(SolutionConfigurationPlatforms) = preSolution
		Debug|Any CPU = Debug|Any CPU
		Release|Any CPU = Release|Any CPU
	EndGlobalSection
	GlobalSection(ProjectConfigurationPlatforms) = postSolution
		{6D994F87-0B92-4173-B1AC-2331B6B73703}.Debug|Any CPU.ActiveCfg = Debug|Any CPU
		{6D994F87-0B92-4173-B1AC-2331B6B73703}.Debug|Any CPU.Build.0 = Debug|Any CPU
		{6D994F87-0B92-4173-B1AC-2331B6B73703}.Release|Any CPU.ActiveCfg = Release|Any CPU
		{6D994F87-0B92-4173-B1AC-2331B6B73703}.Release|Any CPU.Build.0 = Release|Any CPU
		{D3B0C897-7341-4272-945A-374D992C0504}.Debug|Any CPU.ActiveCfg = Debug|Any CPU
		{D3B0C897-7341-4272-945A-374D992C0504}.Debug|Any CPU.Build.0 = Debug|Any CPU
		{D3B0C897-7341-4272-945A-374D992C0504}.Release|Any CPU.ActiveCfg = Release|Any CPU
		{D3B0C897-7341-4272-945A-374D992C0504}.Release|Any CPU.Build.0 = Release|Any CPU
	EndGlobalSection
	GlobalSection(SolutionProperties) = preSolution
		HideSolutionNode = FALSE
	EndGlobalSection
	GlobalSection(ExtensibilityGlobals) = postSolution
		SolutionGuid = {253650B9-4C57-4598-972D-E6DAC8A21B80}
	EndGlobalSection
EndGlobal
